
Microsoft Visual Studio Solution File, Format Version 12.00
# Visual Studio 15
VisualStudioVersion = 15.0.28307.572
MinimumVisualStudioVersion = 10.0.40219.1
Project("{FAE04EC0-301F-11D3-BF4B-00C04F79EFBC}") = "FourPlaces.Android", "FourPlaces\FourPlaces.Android\FourPlaces.Android.csproj", "{DE86F16B-E2F9-4C4E-B2FA-FAB6FF7E1A1B}"
EndProject
Project("{FAE04EC0-301F-11D3-BF4B-00C04F79EFBC}") = "FourPlaces.iOS", "FourPlaces\FourPlaces.iOS\FourPlaces.iOS.csproj", "{C0FF0FB3-D23A-4231-80AD-B96F26269E8B}"
EndProject
Project("{FAE04EC0-301F-11D3-BF4B-00C04F79EFBC}") = "FourPlaces", "FourPlaces\FourPlaces\FourPlaces.csproj", "{34DCE93F-148B-4E13-A665-CF0A2C08B22B}"
EndProject
Global
	GlobalSection(SolutionConfigurationPlatforms) = preSolution
		Ad-Hoc|Any CPU = Ad-Hoc|Any CPU
		Ad-Hoc|iPhone = Ad-Hoc|iPhone
		Ad-Hoc|iPhoneSimulator = Ad-Hoc|iPhoneSimulator
		AppStore|Any CPU = AppStore|Any CPU
		AppStore|iPhone = AppStore|iPhone
		AppStore|iPhoneSimulator = AppStore|iPhoneSimulator
		Debug|Any CPU = Debug|Any CPU
		Debug|iPhone = Debug|iPhone
		Debug|iPhoneSimulator = Debug|iPhoneSimulator
		Release|Any CPU = Release|Any CPU
		Release|iPhone = Release|iPhone
		Release|iPhoneSimulator = Release|iPhoneSimulator
	EndGlobalSection
	GlobalSection(ProjectConfigurationPlatforms) = postSolution
		{DE86F16B-E2F9-4C4E-B2FA-FAB6FF7E1A1B}.Ad-Hoc|Any CPU.ActiveCfg = Release|Any CPU
		{DE86F16B-E2F9-4C4E-B2FA-FAB6FF7E1A1B}.Ad-Hoc|Any CPU.Build.0 = Release|Any CPU
		{DE86F16B-E2F9-4C4E-B2FA-FAB6FF7E1A1B}.Ad-Hoc|Any CPU.Deploy.0 = Release|Any CPU
		{DE86F16B-E2F9-4C4E-B2FA-FAB6FF7E1A1B}.Ad-Hoc|iPhone.ActiveCfg = Release|Any CPU
		{DE86F16B-E2F9-4C4E-B2FA-FAB6FF7E1A1B}.Ad-Hoc|iPhone.Build.0 = Release|Any CPU
		{DE86F16B-E2F9-4C4E-B2FA-FAB6FF7E1A1B}.Ad-Hoc|iPhone.Deploy.0 = Release|Any CPU
		{DE86F16B-E2F9-4C4E-B2FA-FAB6FF7E1A1B}.Ad-Hoc|iPhoneSimulator.ActiveCfg = Release|Any CPU
		{DE86F16B-E2F9-4C4E-B2FA-FAB6FF7E1A1B}.Ad-Hoc|iPhoneSimulator.Build.0 = Release|Any CPU
		{DE86F16B-E2F9-4C4E-B2FA-FAB6FF7E1A1B}.Ad-Hoc|iPhoneSimulator.Deploy.0 = Release|Any CPU
		{DE86F16B-E2F9-4C4E-B2FA-FAB6FF7E1A1B}.AppStore|Any CPU.ActiveCfg = Release|Any CPU
		{DE86F16B-E2F9-4C4E-B2FA-FAB6FF7E1A1B}.AppStore|Any CPU.Build.0 = Release|Any CPU
		{DE86F16B-E2F9-4C4E-B2FA-FAB6FF7E1A1B}.AppStore|Any CPU.Deploy.0 = Release|Any CPU
		{DE86F16B-E2F9-4C4E-B2FA-FAB6FF7E1A1B}.AppStore|iPhone.ActiveCfg = Release|Any CPU
		{DE86F16B-E2F9-4C4E-B2FA-FAB6FF7E1A1B}.AppStore|iPhone.Build.0 = Release|Any CPU
		{DE86F16B-E2F9-4C4E-B2FA-FAB6FF7E1A1B}.AppStore|iPhone.Deploy.0 = Release|Any CPU
		{DE86F16B-E2F9-4C4E-B2FA-FAB6FF7E1A1B}.AppStore|iPhoneSimulator.ActiveCfg = Release|Any CPU
		{DE86F16B-E2F9-4C4E-B2FA-FAB6FF7E1A1B}.AppStore|iPhoneSimulator.Build.0 = Release|Any CPU
		{DE86F16B-E2F9-4C4E-B2FA-FAB6FF7E1A1B}.AppStore|iPhoneSimulator.Deploy.0 = Release|Any CPU
		{DE86F16B-E2F9-4C4E-B2FA-FAB6FF7E1A1B}.Debug|Any CPU.ActiveCfg = Debug|Any CPU
		{DE86F16B-E2F9-4C4E-B2FA-FAB6FF7E1A1B}.Debug|Any CPU.Build.0 = Debug|Any CPU
		{DE86F16B-E2F9-4C4E-B2FA-FAB6FF7E1A1B}.Debug|Any CPU.Deploy.0 = Debug|Any CPU
		{DE86F16B-E2F9-4C4E-B2FA-FAB6FF7E1A1B}.Debug|iPhone.ActiveCfg = Debug|Any CPU
		{DE86F16B-E2F9-4C4E-B2FA-FAB6FF7E1A1B}.Debug|iPhone.Build.0 = Debug|Any CPU
		{DE86F16B-E2F9-4C4E-B2FA-FAB6FF7E1A1B}.Debug|iPhone.Deploy.0 = Debug|Any CPU
		{DE86F16B-E2F9-4C4E-B2FA-FAB6FF7E1A1B}.Debug|iPhoneSimulator.ActiveCfg = Debug|Any CPU
		{DE86F16B-E2F9-4C4E-B2FA-FAB6FF7E1A1B}.Debug|iPhoneSimulator.Build.0 = Debug|Any CPU
		{DE86F16B-E2F9-4C4E-B2FA-FAB6FF7E1A1B}.Debug|iPhoneSimulator.Deploy.0 = Debug|Any CPU
		{DE86F16B-E2F9-4C4E-B2FA-FAB6FF7E1A1B}.Release|Any CPU.ActiveCfg = Release|Any CPU
		{DE86F16B-E2F9-4C4E-B2FA-FAB6FF7E1A1B}.Release|Any CPU.Build.0 = Release|Any CPU
		{DE86F16B-E2F9-4C4E-B2FA-FAB6FF7E1A1B}.Release|Any CPU.Deploy.0 = Release|Any CPU
		{DE86F16B-E2F9-4C4E-B2FA-FAB6FF7E1A1B}.Release|iPhone.ActiveCfg = Release|Any CPU
		{DE86F16B-E2F9-4C4E-B2FA-FAB6FF7E1A1B}.Release|iPhone.Build.0 = Release|Any CPU
		{DE86F16B-E2F9-4C4E-B2FA-FAB6FF7E1A1B}.Release|iPhone.Deploy.0 = Release|Any CPU
		{DE86F16B-E2F9-4C4E-B2FA-FAB6FF7E1A1B}.Release|iPhoneSimulator.ActiveCfg = Release|Any CPU
		{DE86F16B-E2F9-4C4E-B2FA-FAB6FF7E1A1B}.Release|iPhoneSimulator.Build.0 = Release|Any CPU
		{DE86F16B-E2F9-4C4E-B2FA-FAB6FF7E1A1B}.Release|iPhoneSimulator.Deploy.0 = Release|Any CPU
		{C0FF0FB3-D23A-4231-80AD-B96F26269E8B}.Ad-Hoc|Any CPU.ActiveCfg = Ad-Hoc|iPhone
		{C0FF0FB3-D23A-4231-80AD-B96F26269E8B}.Ad-Hoc|Any CPU.Build.0 = Ad-Hoc|iPhone
		{C0FF0FB3-D23A-4231-80AD-B96F26269E8B}.Ad-Hoc|Any CPU.Deploy.0 = Ad-Hoc|iPhone
		{C0FF0FB3-D23A-4231-80AD-B96F26269E8B}.Ad-Hoc|iPhone.ActiveCfg = Ad-Hoc|iPhone
		{C0FF0FB3-D23A-4231-80AD-B96F26269E8B}.Ad-Hoc|iPhone.Build.0 = Ad-Hoc|iPhone
		{C0FF0FB3-D23A-4231-80AD-B96F26269E8B}.Ad-Hoc|iPhone.Deploy.0 = Ad-Hoc|iPhone
		{C0FF0FB3-D23A-4231-80AD-B96F26269E8B}.Ad-Hoc|iPhoneSimulator.ActiveCfg = Ad-Hoc|iPhoneSimulator
		{C0FF0FB3-D23A-4231-80AD-B96F26269E8B}.Ad-Hoc|iPhoneSimulator.Build.0 = Ad-Hoc|iPhoneSimulator
		{C0FF0FB3-D23A-4231-80AD-B96F26269E8B}.Ad-Hoc|iPhoneSimulator.Deploy.0 = Ad-Hoc|iPhoneSimulator
		{C0FF0FB3-D23A-4231-80AD-B96F26269E8B}.AppStore|Any CPU.ActiveCfg = AppStore|iPhone
		{C0FF0FB3-D23A-4231-80AD-B96F26269E8B}.AppStore|Any CPU.Build.0 = AppStore|iPhone
		{C0FF0FB3-D23A-4231-80AD-B96F26269E8B}.AppStore|Any CPU.Deploy.0 = AppStore|iPhone
		{C0FF0FB3-D23A-4231-80AD-B96F26269E8B}.AppStore|iPhone.ActiveCfg = AppStore|iPhone
		{C0FF0FB3-D23A-4231-80AD-B96F26269E8B}.AppStore|iPhone.Build.0 = AppStore|iPhone
		{C0FF0FB3-D23A-4231-80AD-B96F26269E8B}.AppStore|iPhone.Deploy.0 = AppStore|iPhone
		{C0FF0FB3-D23A-4231-80AD-B96F26269E8B}.AppStore|iPhoneSimulator.ActiveCfg = AppStore|iPhoneSimulator
		{C0FF0FB3-D23A-4231-80AD-B96F26269E8B}.AppStore|iPhoneSimulator.Build.0 = AppStore|iPhoneSimulator
		{C0FF0FB3-D23A-4231-80AD-B96F26269E8B}.AppStore|iPhoneSimulator.Deploy.0 = AppStore|iPhoneSimulator
		{C0FF0FB3-D23A-4231-80AD-B96F26269E8B}.Debug|Any CPU.ActiveCfg = Debug|iPhoneSimulator
		{C0FF0FB3-D23A-4231-80AD-B96F26269E8B}.Debug|Any CPU.Build.0 = Debug|iPhoneSimulator
		{C0FF0FB3-D23A-4231-80AD-B96F26269E8B}.Debug|Any CPU.Deploy.0 = Debug|iPhoneSimulator
		{C0FF0FB3-D23A-4231-80AD-B96F26269E8B}.Debug|iPhone.ActiveCfg = Debug|iPhone
		{C0FF0FB3-D23A-4231-80AD-B96F26269E8B}.Debug|iPhone.Build.0 = Debug|iPhone
		{C0FF0FB3-D23A-4231-80AD-B96F26269E8B}.Debug|iPhone.Deploy.0 = Debug|iPhone
		{C0FF0FB3-D23A-4231-80AD-B96F26269E8B}.Debug|iPhoneSimulator.ActiveCfg = Debug|iPhoneSimulator
		{C0FF0FB3-D23A-4231-80AD-B96F26269E8B}.Debug|iPhoneSimulator.Build.0 = Debug|iPhoneSimulator
		{C0FF0FB3-D23A-4231-80AD-B96F26269E8B}.Debug|iPhoneSimulator.Deploy.0 = Debug|iPhoneSimulator
		{C0FF0FB3-D23A-4231-80AD-B96F26269E8B}.Release|Any CPU.ActiveCfg = Release|iPhone
		{C0FF0FB3-D23A-4231-80AD-B96F26269E8B}.Release|Any CPU.Build.0 = Release|iPhone
		{C0FF0FB3-D23A-4231-80AD-B96F26269E8B}.Release|Any CPU.Deploy.0 = Release|iPhone
		{C0FF0FB3-D23A-4231-80AD-B96F26269E8B}.Release|iPhone.ActiveCfg = Release|iPhone
		{C0FF0FB3-D23A-4231-80AD-B96F26269E8B}.Release|iPhone.Build.0 = Release|iPhone
		{C0FF0FB3-D23A-4231-80AD-B96F26269E8B}.Release|iPhone.Deploy.0 = Release|iPhone
		{C0FF0FB3-D23A-4231-80AD-B96F26269E8B}.Release|iPhoneSimulator.ActiveCfg = Release|iPhoneSimulator
		{C0FF0FB3-D23A-4231-80AD-B96F26269E8B}.Release|iPhoneSimulator.Build.0 = Release|iPhoneSimulator
		{C0FF0FB3-D23A-4231-80AD-B96F26269E8B}.Release|iPhoneSimulator.Deploy.0 = Release|iPhoneSimulator
		{34DCE93F-148B-4E13-A665-CF0A2C08B22B}.Ad-Hoc|Any CPU.ActiveCfg = Debug|Any CPU
		{34DCE93F-148B-4E13-A665-CF0A2C08B22B}.Ad-Hoc|Any CPU.Build.0 = Debug|Any CPU
		{34DCE93F-148B-4E13-A665-CF0A2C08B22B}.Ad-Hoc|Any CPU.Deploy.0 = Debug|Any CPU
		{34DCE93F-148B-4E13-A665-CF0A2C08B22B}.Ad-Hoc|iPhone.ActiveCfg = Debug|Any CPU
		{34DCE93F-148B-4E13-A665-CF0A2C08B22B}.Ad-Hoc|iPhone.Build.0 = Debug|Any CPU
		{34DCE93F-148B-4E13-A665-CF0A2C08B22B}.Ad-Hoc|iPhone.Deploy.0 = Debug|Any CPU
		{34DCE93F-148B-4E13-A665-CF0A2C08B22B}.Ad-Hoc|iPhoneSimulator.ActiveCfg = Debug|Any CPU
		{34DCE93F-148B-4E13-A665-CF0A2C08B22B}.Ad-Hoc|iPhoneSimulator.Build.0 = Debug|Any CPU
		{34DCE93F-148B-4E13-A665-CF0A2C08B22B}.Ad-Hoc|iPhoneSimulator.Deploy.0 = Debug|Any CPU
		{34DCE93F-148B-4E13-A665-CF0A2C08B22B}.AppStore|Any CPU.ActiveCfg = Debug|Any CPU
		{34DCE93F-148B-4E13-A665-CF0A2C08B22B}.AppStore|Any CPU.Build.0 = Debug|Any CPU
		{34DCE93F-148B-4E13-A665-CF0A2C08B22B}.AppStore|Any CPU.Deploy.0 = Debug|Any CPU
		{34DCE93F-148B-4E13-A665-CF0A2C08B22B}.AppStore|iPhone.ActiveCfg = Debug|Any CPU
		{34DCE93F-148B-4E13-A665-CF0A2C08B22B}.AppStore|iPhone.Build.0 = Debug|Any CPU
		{34DCE93F-148B-4E13-A665-CF0A2C08B22B}.AppStore|iPhone.Deploy.0 = Debug|Any CPU
		{34DCE93F-148B-4E13-A665-CF0A2C08B22B}.AppStore|iPhoneSimulator.ActiveCfg = Debug|Any CPU
		{34DCE93F-148B-4E13-A665-CF0A2C08B22B}.AppStore|iPhoneSimulator.Build.0 = Debug|Any CPU
		{34DCE93F-148B-4E13-A665-CF0A2C08B22B}.AppStore|iPhoneSimulator.Deploy.0 = Debug|Any CPU
		{34DCE93F-148B-4E13-A665-CF0A2C08B22B}.Debug|Any CPU.ActiveCfg = Debug|Any CPU
		{34DCE93F-148B-4E13-A665-CF0A2C08B22B}.Debug|Any CPU.Build.0 = Debug|Any CPU
		{34DCE93F-148B-4E13-A665-CF0A2C08B22B}.Debug|Any CPU.Deploy.0 = Debug|Any CPU
		{34DCE93F-148B-4E13-A665-CF0A2C08B22B}.Debug|iPhone.ActiveCfg = Debug|Any CPU
		{34DCE93F-148B-4E13-A665-CF0A2C08B22B}.Debug|iPhone.Build.0 = Debug|Any CPU
		{34DCE93F-148B-4E13-A665-CF0A2C08B22B}.Debug|iPhone.Deploy.0 = Debug|Any CPU
		{34DCE93F-148B-4E13-A665-CF0A2C08B22B}.Debug|iPhoneSimulator.ActiveCfg = Debug|Any CPU
		{34DCE93F-148B-4E13-A665-CF0A2C08B22B}.Debug|iPhoneSimulator.Build.0 = Debug|Any CPU
		{34DCE93F-148B-4E13-A665-CF0A2C08B22B}.Debug|iPhoneSimulator.Deploy.0 = Debug|Any CPU
		{34DCE93F-148B-4E13-A665-CF0A2C08B22B}.Release|Any CPU.ActiveCfg = Release|Any CPU
		{34DCE93F-148B-4E13-A665-CF0A2C08B22B}.Release|Any CPU.Build.0 = Release|Any CPU
		{34DCE93F-148B-4E13-A665-CF0A2C08B22B}.Release|Any CPU.Deploy.0 = Release|Any CPU
		{34DCE93F-148B-4E13-A665-CF0A2C08B22B}.Release|iPhone.ActiveCfg = Release|Any CPU
		{34DCE93F-148B-4E13-A665-CF0A2C08B22B}.Release|iPhone.Build.0 = Release|Any CPU
		{34DCE93F-148B-4E13-A665-CF0A2C08B22B}.Release|iPhone.Deploy.0 = Release|Any CPU
		{34DCE93F-148B-4E13-A665-CF0A2C08B22B}.Release|iPhoneSimulator.ActiveCfg = Release|Any CPU
		{34DCE93F-148B-4E13-A665-CF0A2C08B22B}.Release|iPhoneSimulator.Build.0 = Release|Any CPU
		{34DCE93F-148B-4E13-A665-CF0A2C08B22B}.Release|iPhoneSimulator.Deploy.0 = Release|Any CPU
	EndGlobalSection
	GlobalSection(SolutionProperties) = preSolution
		HideSolutionNode = FALSE
	EndGlobalSection
	GlobalSection(ExtensibilityGlobals) = postSolution
		SolutionGuid = {08A575CA-C1FD-4AAA-9D75-04CB5AC0FEF0}
	EndGlobalSection
EndGlobal
